# This file is autogenerated, do not edit; changes may be undone by the next 'dep ensure'.


[[projects]]
  digest = "1:b3af453d2bd5c7f1c6242b38d0416aa6cf96485a90b404fe638abeadb7ddd501"
  name = "github.com/disintegration/gift"
  packages = ["."]
  pruneopts = "UT"
  revision = "e7b6d79ff1929f7f71e2de01198850f4e50db244"
  version = "v1.2.0"

[[projects]]
  branch = "master"
  digest = "1:062b0321d9c1dad6167e43f64937d30684ceda01aff0adaa28e72066734f1607"
  name = "github.com/pierrre/imageserver"
  packages = [
    ".",
    "cache",
    "cache/memory",
    "http",
    "http/crop",
    "http/gamma",
    "http/gift",
    "http/image",
    "image",
    "image/bmp",
    "image/crop",
    "image/gamma",
    "image/gif",
    "image/gift",
    "image/internal",
    "image/jpeg",
    "image/png",
    "image/tiff",
    "source",
  ]
  pruneopts = "UT"
  revision = "05bccbfbe5b29f4842ff43827f6768b04b1d3a55"

[[projects]]
  branch = "master"
  digest = "1:ea988be0d2d8cd1d96351fb2581e47098b7fda5c5fd7b876f598ca88265cfa52"
  name = "github.com/pierrre/imageutil"
  packages = ["."]
  pruneopts = "UT"
  revision = "b502cc6f1ae6b3947e15578c9d9236d82f61fe48"

[[projects]]
  branch = "master"
  digest = "1:962224619e357a66fcd00630b9e3d34ad5a30cf4a2f788608b47d6ff0ef82ad3"
  name = "github.com/pierrre/lrucache"
  packages = ["."]
  pruneopts = "UT"
  revision = "f5fef57338044bdf1b323cc8d1a57b23605da630"

[[projects]]
  branch = "master"
  digest = "1:d3d337e91c35f337d548873978c858ecb723168a6303a41a3ba625c79094f899"
  name = "golang.org/x/image"
  packages = [
    "bmp",
    "tiff",
    "tiff/lzw",
  ]
  pruneopts = "UT"
  revision = "991ec62608f3c0da01d400756917825d1e2fd528"

[solve-meta]
  analyzer-name = "dep"
  analyzer-version = 1
  input-imports = [
    "github.com/disintegration/gift",
    "github.com/pierrre/imageserver",
    "github.com/pierrre/imageserver/cache",
    "github.com/pierrre/imageserver/cache/memory",
    "github.com/pierrre/imageserver/http",
    "github.com/pierrre/imageserver/http/crop",
    "github.com/pierrre/imageserver/http/gamma",
    "github.com/pierrre/imageserver/http/gift",
    "github.com/pierrre/imageserver/http/image",
    "github.com/pierrre/imageserver/image",
    "github.com/pierrre/imageserver/image/bmp",
    "github.com/pierrre/imageserver/image/crop",
    "github.com/pierrre/imageserver/image/gamma",
    "github.com/pierrre/imageserver/image/gif",
    "github.com/pierrre/imageserver/image/gift",
    "github.com/pierrre/imageserver/image/jpeg",
    "github.com/pierrre/imageserver/image/png",
    "github.com/pierrre/imageserver/image/tiff",
  ]
  solver-name = "gps-cdcl"
  solver-version = 1
